
Microsoft Visual Studio Solution File, Format Version 12.00
# Visual Studio 15
VisualStudioVersion = 15.0.28307.168
MinimumVisualStudioVersion = 10.0.40219.1
Project("{FAE04EC0-301F-11D3-BF4B-00C04F79EFBC}") = "ClassRoom", "ClassRoom\ClassRoom.csproj", "{56D6C600-9F67-4F35-BD36-715638C4A5D1}"
EndProject
Project("{FAE04EC0-301F-11D3-BF4B-00C04F79EFBC}") = "ClassRoomUnitTestProject", "ClassRoomUnitTestProject\ClassRoomUnitTestProject.csproj", "{FF587585-E9EF-4137-8AE4-C61BDD5A20E7}"
EndProject
Global
	GlobalSection(SolutionConfigurationPlatforms) = preSolution
		Debug|Any CPU = Debug|Any CPU
		Release|Any CPU = Release|Any CPU
	EndGlobalSection
	GlobalSection(ProjectConfigurationPlatforms) = postSolution
		{56D6C600-9F67-4F35-BD36-715638C4A5D1}.Debug|Any CPU.ActiveCfg = Debug|Any CPU
		{56D6C600-9F67-4F35-BD36-715638C4A5D1}.Debug|Any CPU.Build.0 = Debug|Any CPU
		{56D6C600-9F67-4F35-BD36-715638C4A5D1}.Release|Any CPU.ActiveCfg = Release|Any CPU
		{56D6C600-9F67-4F35-BD36-715638C4A5D1}.Release|Any CPU.Build.0 = Release|Any CPU
		{FF587585-E9EF-4137-8AE4-C61BDD5A20E7}.Debug|Any CPU.ActiveCfg = Debug|Any CPU
		{FF587585-E9EF-4137-8AE4-C61BDD5A20E7}.Debug|Any CPU.Build.0 = Debug|Any CPU
		{FF587585-E9EF-4137-8AE4-C61BDD5A20E7}.Release|Any CPU.ActiveCfg = Release|Any CPU
		{FF587585-E9EF-4137-8AE4-C61BDD5A20E7}.Release|Any CPU.Build.0 = Release|Any CPU
	EndGlobalSection
	GlobalSection(SolutionProperties) = preSolution
		HideSolutionNode = FALSE
	EndGlobalSection
	GlobalSection(ExtensibilityGlobals) = postSolution
		SolutionGuid = {8BA595CF-D394-4A40-9E3D-0597881CDA72}
	EndGlobalSection
EndGlobal
